
Microsoft Visual Studio Solution File, Format Version 12.00
# Visual Studio Version 17
VisualStudioVersion = 17.11.35327.3
MinimumVisualStudioVersion = 10.0.40219.1
Project("{9A19103F-16F7-4668-BE54-9A1E7A4F7556}") = "BSS_Backend_Opgave.Repositories", "BSS_Backend_Opgave.Repositories\BSS_Backend_Opgave.Repositories.csproj", "{C489AB78-EDE3-4422-B0BD-16BB019264AF}"
EndProject
Project("{9A19103F-16F7-4668-BE54-9A1E7A4F7556}") = "BSS_Backend_Opgave.API", "BSS_Backend_Opgave\BSS_Backend_Opgave.API.csproj", "{9EF13E1E-DA57-447F-9EC1-2F3D72801073}"
EndProject
Global
	GlobalSection(SolutionConfigurationPlatforms) = preSolution
		Debug|Any CPU = Debug|Any CPU
		Release|Any CPU = Release|Any CPU
	EndGlobalSection
	GlobalSection(ProjectConfigurationPlatforms) = postSolution
		{C489AB78-EDE3-4422-B0BD-16BB019264AF}.Debug|Any CPU.ActiveCfg = Debug|Any CPU
		{C489AB78-EDE3-4422-B0BD-16BB019264AF}.Debug|Any CPU.Build.0 = Debug|Any CPU
		{C489AB78-EDE3-4422-B0BD-16BB019264AF}.Release|Any CPU.ActiveCfg = Release|Any CPU
		{C489AB78-EDE3-4422-B0BD-16BB019264AF}.Release|Any CPU.Build.0 = Release|Any CPU
		{9EF13E1E-DA57-447F-9EC1-2F3D72801073}.Debug|Any CPU.ActiveCfg = Debug|Any CPU
		{9EF13E1E-DA57-447F-9EC1-2F3D72801073}.Debug|Any CPU.Build.0 = Debug|Any CPU
		{9EF13E1E-DA57-447F-9EC1-2F3D72801073}.Release|Any CPU.ActiveCfg = Release|Any CPU
		{9EF13E1E-DA57-447F-9EC1-2F3D72801073}.Release|Any CPU.Build.0 = Release|Any CPU
	EndGlobalSection
	GlobalSection(SolutionProperties) = preSolution
		HideSolutionNode = FALSE
	EndGlobalSection
	GlobalSection(ExtensibilityGlobals) = postSolution
		SolutionGuid = {6449A776-2D5C-4616-B873-04E8B4B60E8E}
	EndGlobalSection
EndGlobal
